dependencies:
  espressif/mdns:
    component_hash: d8ae7aa491ff97aea1d00d514a1de42cdbaaf1bce10df183968fa5594b904de7
    source:
      service_url: https://api.components.espressif.com/
      type: service
    version: 1.2.5
  idf:
    component_hash: null
    source:
      type: idf
    version: 5.1.3
manifest_hash: bde2287efbc312277881f3cceddbd2eded00bc32e2446531ef7417dff318326c
target: esp32
version: 1.0.0
